
Microsoft Visual Studio Solution File, Format Version 12.00
# Visual Studio Version 17
VisualStudioVersion = 17.3.32922.545
MinimumVisualStudioVersion = 10.0.40219.1
Project("{FAE04EC0-301F-11D3-BF4B-00C04F79EFBC}") = "Zadanie Domowe", "Zadanie Domowe.csproj", "{52B4505F-21E4-4898-BC22-DB6763C421F4}"
EndProject
Global
	GlobalSection(SolutionConfigurationPlatforms) = preSolution
		Debug|Any CPU = Debug|Any CPU
		Release|Any CPU = Release|Any CPU
	EndGlobalSection
	GlobalSection(ProjectConfigurationPlatforms) = postSolution
		{52B4505F-21E4-4898-BC22-DB6763C421F4}.Debug|Any CPU.ActiveCfg = Debug|Any CPU
		{52B4505F-21E4-4898-BC22-DB6763C421F4}.Debug|Any CPU.Build.0 = Debug|Any CPU
		{52B4505F-21E4-4898-BC22-DB6763C421F4}.Release|Any CPU.ActiveCfg = Release|Any CPU
		{52B4505F-21E4-4898-BC22-DB6763C421F4}.Release|Any CPU.Build.0 = Release|Any CPU
	EndGlobalSection
	GlobalSection(SolutionProperties) = preSolution
		HideSolutionNode = FALSE
	EndGlobalSection
	GlobalSection(ExtensibilityGlobals) = postSolution
		SolutionGuid = {D61FD8D3-CA4E-4803-9640-2A0A673B8547}
	EndGlobalSection
EndGlobal
